
Microsoft Visual Studio Solution File, Format Version 12.00
# Visual Studio 2012
Project("{FAE04EC0-301F-11D3-BF4B-00C04F79EFBC}") = "TodoREST", "TodoREST\TodoREST.csproj", "{6AA9301A-9A03-42FD-87EA-781E239C72F1}"
EndProject
Project("{FAE04EC0-301F-11D3-BF4B-00C04F79EFBC}") = "TodoREST.Droid", "Droid\TodoREST.Droid.csproj", "{766655B7-9C11-4877-B35D-CC8441F9E198}"
EndProject
Global
	GlobalSection(SolutionConfigurationPlatforms) = preSolution
		Debug|Any CPU = Debug|Any CPU
		Release|Any CPU = Release|Any CPU
	EndGlobalSection
	GlobalSection(ProjectConfigurationPlatforms) = postSolution
		{6AA9301A-9A03-42FD-87EA-781E239C72F1}.Debug|Any CPU.ActiveCfg = Debug|Any CPU
		{6AA9301A-9A03-42FD-87EA-781E239C72F1}.Debug|Any CPU.Build.0 = Debug|Any CPU
		{6AA9301A-9A03-42FD-87EA-781E239C72F1}.Release|Any CPU.ActiveCfg = Release|Any CPU
		{6AA9301A-9A03-42FD-87EA-781E239C72F1}.Release|Any CPU.Build.0 = Release|Any CPU
		{766655B7-9C11-4877-B35D-CC8441F9E198}.Debug|Any CPU.ActiveCfg = Debug|Any CPU
		{766655B7-9C11-4877-B35D-CC8441F9E198}.Debug|Any CPU.Build.0 = Debug|Any CPU
		{766655B7-9C11-4877-B35D-CC8441F9E198}.Release|Any CPU.ActiveCfg = Release|Any CPU
		{766655B7-9C11-4877-B35D-CC8441F9E198}.Release|Any CPU.Build.0 = Release|Any CPU
	EndGlobalSection
EndGlobal
